
Microsoft Visual Studio Solution File, Format Version 12.00
# Visual Studio 15
VisualStudioVersion = 15.0.27428.2037
MinimumVisualStudioVersion = 10.0.40219.1
Project("{FAE04EC0-301F-11D3-BF4B-00C04F79EFBC}") = "TestXamarin", "TestXamarin\TestXamarin.csproj", "{0CB7CC08-4E76-430E-9EA7-EC4592FB9E88}"
EndProject
Global
	GlobalSection(SolutionConfigurationPlatforms) = preSolution
		Debug|Any CPU = Debug|Any CPU
		Release|Any CPU = Release|Any CPU
	EndGlobalSection
	GlobalSection(ProjectConfigurationPlatforms) = postSolution
		{0CB7CC08-4E76-430E-9EA7-EC4592FB9E88}.Debug|Any CPU.ActiveCfg = Debug|Any CPU
		{0CB7CC08-4E76-430E-9EA7-EC4592FB9E88}.Debug|Any CPU.Build.0 = Debug|Any CPU
		{0CB7CC08-4E76-430E-9EA7-EC4592FB9E88}.Debug|Any CPU.Deploy.0 = Debug|Any CPU
		{0CB7CC08-4E76-430E-9EA7-EC4592FB9E88}.Release|Any CPU.ActiveCfg = Release|Any CPU
		{0CB7CC08-4E76-430E-9EA7-EC4592FB9E88}.Release|Any CPU.Build.0 = Release|Any CPU
		{0CB7CC08-4E76-430E-9EA7-EC4592FB9E88}.Release|Any CPU.Deploy.0 = Release|Any CPU
	EndGlobalSection
	GlobalSection(SolutionProperties) = preSolution
		HideSolutionNode = FALSE
	EndGlobalSection
	GlobalSection(ExtensibilityGlobals) = postSolution
		SolutionGuid = {7903CAB7-2EB6-4D60-825D-BA9B931A54B1}
	EndGlobalSection
EndGlobal
